// !$*UTF8*$!
{
	archiveVersion = 1;
	classes = {
	};
	objectVersion = 46;
	objects = {

/* Begin PBXBuildFile section */
		2D5B0C1C1AAD452D007382FC /* cracked2.png in Resources */ = {isa = PBXBuildFile; fileRef = 2D5B0C1B1AAD452D007382FC /* cracked2.png */; };
		2D5B0C1E1AAD4545007382FC /* mountain44.png in Resources */ = {isa = PBXBuildFile; fileRef = 2D5B0C1D1AAD4545007382FC /* mountain44.png */; };
		2D5B0C201AAD455E007382FC /* volcano.png in Resources */ = {isa = PBXBuildFile; fileRef = 2D5B0C1F1AAD455E007382FC /* volcano.png */; };
		2D5B0C221AAD45C0007382FC /* tsunami1.png in Resources */ = {isa = PBXBuildFile; fileRef = 2D5B0C211AAD45C0007382FC /* tsunami1.png */; };
		2DE942A21AAD259E00964C87 /* manual.m in Sources */ = {isa = PBXBuildFile; fileRef = 2DE942A11AAD259E00964C87 /* manual.m */; };
		2DE942A51AAD2E7500964C87 /* description.m in Sources */ = {isa = PBXBuildFile; fileRef = 2DE942A41AAD2E7500964C87 /* description.m */; };
		A1C020E71AACFD21000DDCAF /* main.m in Sources */ = {isa = PBXBuildFile; fileRef = A1C020E61AACFD21000DDCAF /* main.m */; };
		A1C020EA1AACFD21000DDCAF /* AppDelegate.m in Sources */ = {isa = PBXBuildFile; fileRef = A1C020E91AACFD21000DDCAF /* AppDelegate.m */; };
		A1C020ED1AACFD21000DDCAF /* FirstViewController.m in Sources */ = {isa = PBXBuildFile; fileRef = A1C020EC1AACFD21000DDCAF /* FirstViewController.m */; };
		A1C020F01AACFD21000DDCAF /* SecondViewController.m in Sources */ = {isa = PBXBuildFile; fileRef = A1C020EF1AACFD21000DDCAF /* SecondViewController.m */; };
		A1C020F31AACFD21000DDCAF /* Main.storyboard in Resources */ = {isa = PBXBuildFile; fileRef = A1C020F11AACFD21000DDCAF /* Main.storyboard */; };
		A1C020F51AACFD21000DDCAF /* Images.xcassets in Resources */ = {isa = PBXBuildFile; fileRef = A1C020F41AACFD21000DDCAF /* Images.xcassets */; };
		A1C020F81AACFD21000DDCAF /* LaunchScreen.xib in Resources */ = {isa = PBXBuildFile; fileRef = A1C020F61AACFD21000DDCAF /* LaunchScreen.xib */; };
		A1C021041AACFD21000DDCAF /* SafetyTests.m in Sources */ = {isa = PBXBuildFile; fileRef = A1C021031AACFD21000DDCAF /* SafetyTests.m */; };
		A1C0210E1AACFE80000DDCAF /* GoogleMaps.framework in Frameworks */ = {isa = PBXBuildFile; fileRef = A1C0210D1AACFE80000DDCAF /* GoogleMaps.framework */; };
		A1C021101AACFEA6000DDCAF /* GoogleMaps.bundle in Resources */ = {isa = PBXBuildFile; fileRef = A1C0210F1AACFEA6000DDCAF /* GoogleMaps.bundle */; };
		A1C021121AACFECF000DDCAF /* AVFoundation.framework in Frameworks */ = {isa = PBXBuildFile; fileRef = A1C021111AACFECF000DDCAF /* AVFoundation.framework */; };
		A1C021141AACFED5000DDCAF /* CoreData.framework in Frameworks */ = {isa = PBXBuildFile; fileRef = A1C021131AACFED5000DDCAF /* CoreData.framework */; };
		A1C021161AACFEDA000DDCAF /* CoreLocation.framework in Frameworks */ = {isa = PBXBuildFile; fileRef = A1C021151AACFEDA000DDCAF /* CoreLocation.framework */; };
		A1C021181AACFEE0000DDCAF /* CoreText.framework in Frameworks */ = {isa = PBXBuildFile; fileRef = A1C021171AACFEE0000DDCAF /* CoreText.framework */; };
		A1C0211A1AACFEE5000DDCAF /* GLKit.framework in Frameworks */ = {isa = PBXBuildFile; fileRef = A1C021191AACFEE5000DDCAF /* GLKit.framework */; };
		A1C0211C1AACFEEA000DDCAF /* ImageIO.framework in Frameworks */ = {isa = PBXBuildFile; fileRef = A1C0211B1AACFEEA000DDCAF /* ImageIO.framework */; };
		A1C0211E1AACFEF3000DDCAF /* libc++.dylib in Frameworks */ = {isa = PBXBuildFile; fileRef = A1C0211D1AACFEF3000DDCAF /* libc++.dylib */; };
		A1C021201AACFF05000DDCAF /* libicucore.dylib in Frameworks */ = {isa = PBXBuildFile; fileRef = A1C0211F1AACFF05000DDCAF /* libicucore.dylib */; };
		A1C021221AACFF0E000DDCAF /* libz.dylib in Frameworks */ = {isa = PBXBuildFile; fileRef = A1C021211AACFF0E000DDCAF /* libz.dylib */; };
		A1C021241AACFF16000DDCAF /* OpenGLES.framework in Frameworks */ = {isa = PBXBuildFile; fileRef = A1C021231AACFF16000DDCAF /* OpenGLES.framework */; };
		A1C021261AACFF1B000DDCAF /* QuartzCore.framework in Frameworks */ = {isa = PBXBuildFile; fileRef = A1C021251AACFF1B000DDCAF /* QuartzCore.framework */; };
		A1C021281AACFF22000DDCAF /* SystemConfiguration.framework in Frameworks */ = {isa = PBXBuildFile; fileRef = A1C021271AACFF22000DDCAF /* SystemConfiguration.framework */; };
		A1C021351AAD0B69000DDCAF /* 11015279_10152881654042713_1936764271_n.jpg in Resources */ = {isa = PBXBuildFile; fileRef = A1C0212A1AAD0B69000DDCAF /* 11015279_10152881654042713_1936764271_n.jpg */; };
		A1C021361AAD0B69000DDCAF /* guide64x64.png in Resources */ = {isa = PBXBuildFile; fileRef = A1C0212B1AAD0B69000DDCAF /* guide64x64.png */; };
		A1C021371AAD0B69000DDCAF /* help.png in Resources */ = {isa = PBXBuildFile; fileRef = A1C0212C1AAD0B69000DDCAF /* help.png */; };
		A1C021381AAD0B69000DDCAF /* info.png in Resources */ = {isa = PBXBuildFile; fileRef = A1C0212D1AAD0B69000DDCAF /* info.png */; };
		A1C021391AAD0B69000DDCAF /* map64x64.png in Resources */ = {isa = PBXBuildFile; fileRef = A1C0212E1AAD0B69000DDCAF /* map64x64.png */; };
		A1C0213A1AAD0B69000DDCAF /* meetpt.png in Resources */ = {isa = PBXBuildFile; fileRef = A1C0212F1AAD0B69000DDCAF /* meetpt.png */; };
		A1C0213B1AAD0B69000DDCAF /* news64x64.png in Resources */ = {isa = PBXBuildFile; fileRef = A1C021301AAD0B69000DDCAF /* news64x64.png */; };
		A1C0213C1AAD0B69000DDCAF /* noun_14010_cc.png in Resources */ = {isa = PBXBuildFile; fileRef = A1C021311AAD0B69000DDCAF /* noun_14010_cc.png */; };
		A1C0213D1AAD0B69000DDCAF /* volcanotransparent 2.png in Resources */ = {isa = PBXBuildFile; fileRef = A1C021321AAD0B69000DDCAF /* volcanotransparent 2.png */; };
		A1C0213E1AAD0B69000DDCAF /* volcanotransparent.png in Resources */ = {isa = PBXBuildFile; fileRef = A1C021331AAD0B69000DDCAF /* volcanotransparent.png */; };
		A1C0213F1AAD0B69000DDCAF /* warning.png in Resources */ = {isa = PBXBuildFile; fileRef = A1C021341AAD0B69000DDCAF /* warning.png */; };
		A1E28F451AAD176F00DC3238 /* LaunchImage.png in Resources */ = {isa = PBXBuildFile; fileRef = A1E28F441AAD176F00DC3238 /* LaunchImage.png */; };
/* End PBXBuildFile section */

/* Begin PBXContainerItemProxy section */
		A1C020FE1AACFD21000DDCAF /* PBXContainerItemProxy */ = {
			isa = PBXContainerItemProxy;
			containerPortal = A1C020D91AACFD21000DDCAF /* Project object */;
			proxyType = 1;
			remoteGlobalIDString = A1C020E01AACFD21000DDCAF;
			remoteInfo = Safety;
		};
/* End PBXContainerItemProxy section */

/* Begin PBXFileReference section */
		2D5B0C1B1AAD452D007382FC /* cracked2.png */ = {isa = PBXFileReference; lastKnownFileType = image.png; path = cracked2.png; sourceTree = "<group>"; };
		2D5B0C1D1AAD4545007382FC /* mountain44.png */ = {isa = PBXFileReference; lastKnownFileType = image.png; path = mountain44.png; sourceTree = "<group>"; };
		2D5B0C1F1AAD455E007382FC /* volcano.png */ = {isa = PBXFileReference; lastKnownFileType = image.png; path = volcano.png; sourceTree = "<group>"; };
		2D5B0C211AAD45C0007382FC /* tsunami1.png */ = {isa = PBXFileReference; lastKnownFileType = image.png; path = tsunami1.png; sourceTree = "<group>"; };
		2DE942A01AAD259E00964C87 /* manual.h */ = {isa = PBXFileReference; fileEncoding = 4; lastKnownFileType = sourcecode.c.h; path = manual.h; sourceTree = "<group>"; };
		2DE942A11AAD259E00964C87 /* manual.m */ = {isa = PBXFileReference; fileEncoding = 4; lastKnownFileType = sourcecode.c.objc; path = manual.m; sourceTree = "<group>"; };
		2DE942A31AAD2E7500964C87 /* description.h */ = {isa = PBXFileReference; fileEncoding = 4; lastKnownFileType = sourcecode.c.h; path = description.h; sourceTree = "<group>"; };
		2DE942A41AAD2E7500964C87 /* description.m */ = {isa = PBXFileReference; fileEncoding = 4; lastKnownFileType = sourcecode.c.objc; path = description.m; sourceTree = "<group>"; };
		A1C020E11AACFD21000DDCAF /* Safety.app */ = {isa = PBXFileReference; explicitFileType = wrapper.application; includeInIndex = 0; path = Safety.app; sourceTree = BUILT_PRODUCTS_DIR; };
		A1C020E51AACFD21000DDCAF /* Info.plist */ = {isa = PBXFileReference; lastKnownFileType = text.plist.xml; path = Info.plist; sourceTree = "<group>"; };
		A1C020E61AACFD21000DDCAF /* main.m */ = {isa = PBXFileReference; lastKnownFileType = sourcecode.c.objc; path = main.m; sourceTree = "<group>"; };
		A1C020E81AACFD21000DDCAF /* AppDelegate.h */ = {isa = PBXFileReference; lastKnownFileType = sourcecode.c.h; path = AppDelegate.h; sourceTree = "<group>"; };
		A1C020E91AACFD21000DDCAF /* AppDelegate.m */ = {isa = PBXFileReference; lastKnownFileType = sourcecode.c.objc; path = AppDelegate.m; sourceTree = "<group>"; };
		A1C020EB1AACFD21000DDCAF /* FirstViewController.h */ = {isa = PBXFileReference; lastKnownFileType = sourcecode.c.h; path = FirstViewController.h; sourceTree = "<group>"; };
		A1C020EC1AACFD21000DDCAF /* FirstViewController.m */ = {isa = PBXFileReference; lastKnownFileType = sourcecode.c.objc; path = FirstViewController.m; sourceTree = "<group>"; };
		A1C020EE1AACFD21000DDCAF /* SecondViewController.h */ = {isa = PBXFileReference; lastKnownFileType = sourcecode.c.h; path = SecondViewController.h; sourceTree = "<group>"; };
		A1C020EF1AACFD21000DDCAF /* SecondViewController.m */ = {isa = PBXFileReference; lastKnownFileType = sourcecode.c.objc; path = SecondViewController.m; sourceTree = "<group>"; };
		A1C020F21AACFD21000DDCAF /* Base */ = {isa = PBXFileReference; lastKnownFileType = file.storyboard; name = Base; path = Base.lproj/Main.storyboard; sourceTree = "<group>"; };
		A1C020F41AACFD21000DDCAF /* Images.xcassets */ = {isa = PBXFileReference; lastKnownFileType = folder.assetcatalog; path = Images.xcassets; sourceTree = "<group>"; };
		A1C020F71AACFD21000DDCAF /* Base */ = {isa = PBXFileReference; lastKnownFileType = file.xib; name = Base; path = Base.lproj/LaunchScreen.xib; sourceTree = "<group>"; };
		A1C020FD1AACFD21000DDCAF /* SafetyTests.xctest */ = {isa = PBXFileReference; explicitFileType = wrapper.cfbundle; includeInIndex = 0; path = SafetyTests.xctest; sourceTree = BUILT_PRODUCTS_DIR; };
		A1C021021AACFD21000DDCAF /* Info.plist */ = {isa = PBXFileReference; lastKnownFileType = text.plist.xml; path = Info.plist; sourceTree = "<group>"; };
		A1C021031AACFD21000DDCAF /* SafetyTests.m */ = {isa = PBXFileReference; lastKnownFileType = sourcecode.c.objc; path = SafetyTests.m; sourceTree = "<group>"; };
		A1C0210D1AACFE80000DDCAF /* GoogleMaps.framework */ = {isa = PBXFileReference; lastKnownFileType = wrapper.framework; path = GoogleMaps.framework; sourceTree = "<group>"; };
		A1C0210F1AACFEA6000DDCAF /* GoogleMaps.bundle */ = {isa = PBXFileReference; lastKnownFileType = "wrapper.plug-in"; name = GoogleMaps.bundle; path = "../../GoogleMaps-iOS-1.9.2/GoogleMaps.framework/Versions/A/Resources/GoogleMaps.bundle"; sourceTree = "<group>"; };
		A1C021111AACFECF000DDCAF /* AVFoundation.framework */ = {isa = PBXFileReference; lastKnownFileType = wrapper.framework; name = AVFoundation.framework; path = System/Library/Frameworks/AVFoundation.framework; sourceTree = SDKROOT; };
		A1C021131AACFED5000DDCAF /* CoreData.framework */ = {isa = PBXFileReference; lastKnownFileType = wrapper.framework; name = CoreData.framework; path = System/Library/Frameworks/CoreData.framework; sourceTree = SDKROOT; };
		A1C021151AACFEDA000DDCAF /* CoreLocation.framework */ = {isa = PBXFileReference; lastKnownFileType = wrapper.framework; name = CoreLocation.framework; path = System/Library/Frameworks/CoreLocation.framework; sourceTree = SDKROOT; };
		A1C021171AACFEE0000DDCAF /* CoreText.framework */ = {isa = PBXFileReference; lastKnownFileType = wrapper.framework; name = CoreText.framework; path = System/Library/Frameworks/CoreText.framework; sourceTree = SDKROOT; };
		A1C021191AACFEE5000DDCAF /* GLKit.framework */ = {isa = PBXFileReference; lastKnownFileType = wrapper.framework; name = GLKit.framework; path = System/Library/Frameworks/GLKit.framework; sourceTree = SDKROOT; };
		A1C0211B1AACFEEA000DDCAF /* ImageIO.framework */ = {isa = PBXFileReference; lastKnownFileType = wrapper.framework; name = ImageIO.framework; path = System/Library/Frameworks/ImageIO.framework; sourceTree = SDKROOT; };
		A1C0211D1AACFEF3000DDCAF /* libc++.dylib */ = {isa = PBXFileReference; lastKnownFileType = "compiled.mach-o.dylib"; name = "libc++.dylib"; path = "usr/lib/libc++.dylib"; sourceTree = SDKROOT; };
		A1C0211F1AACFF05000DDCAF /* libicucore.dylib */ = {isa = PBXFileReference; lastKnownFileType = "compiled.mach-o.dylib"; name = libicucore.dylib; path = usr/lib/libicucore.dylib; sourceTree = SDKROOT; };
		A1C021211AACFF0E000DDCAF /* libz.dylib */ = {isa = PBXFileReference; lastKnownFileType = "compiled.mach-o.dylib"; name = libz.dylib; path = usr/lib/libz.dylib; sourceTree = SDKROOT; };
		A1C021231AACFF16000DDCAF /* OpenGLES.framework */ = {isa = PBXFileReference; lastKnownFileType = wrapper.framework; name = OpenGLES.framework; path = System/Library/Frameworks/OpenGLES.framework; sourceTree = SDKROOT; };
		A1C021251AACFF1B000DDCAF /* QuartzCore.framework */ = {isa = PBXFileReference; lastKnownFileType = wrapper.framework; name = QuartzCore.framework; path = System/Library/Frameworks/QuartzCore.framework; sourceTree = SDKROOT; };
		A1C021271AACFF22000DDCAF /* SystemConfiguration.framework */ = {isa = PBXFileReference; lastKnownFileType = wrapper.framework; name = SystemConfiguration.framework; path = System/Library/Frameworks/SystemConfiguration.framework; sourceTree = SDKROOT; };
		A1C0212A1AAD0B69000DDCAF /* 11015279_10152881654042713_1936764271_n.jpg */ = {isa = PBXFileReference; lastKnownFileType = image.jpeg; path = 11015279_10152881654042713_1936764271_n.jpg; sourceTree = "<group>"; };
		A1C0212B1AAD0B69000DDCAF /* guide64x64.png */ = {isa = PBXFileReference; lastKnownFileType = image.png; path = guide64x64.png; sourceTree = "<group>"; };
		A1C0212C1AAD0B69000DDCAF /* help.png */ = {isa = PBXFileReference; lastKnownFileType = image.png; path = help.png; sourceTree = "<group>"; };
		A1C0212D1AAD0B69000DDCAF /* info.png */ = {isa = PBXFileReference; lastKnownFileType = image.png; path = info.png; sourceTree = "<group>"; };
		A1C0212E1AAD0B69000DDCAF /* map64x64.png */ = {isa = PBXFileReference; lastKnownFileType = image.png; path = map64x64.png; sourceTree = "<group>"; };
		A1C0212F1AAD0B69000DDCAF /* meetpt.png */ = {isa = PBXFileReference; lastKnownFileType = image.png; path = meetpt.png; sourceTree = "<group>"; };
		A1C021301AAD0B69000DDCAF /* news64x64.png */ = {isa = PBXFileReference; lastKnownFileType = image.png; path = news64x64.png; sourceTree = "<group>"; };
		A1C021311AAD0B69000DDCAF /* noun_14010_cc.png */ = {isa = PBXFileReference; lastKnownFileType = image.png; path = noun_14010_cc.png; sourceTree = "<group>"; };
		A1C021321AAD0B69000DDCAF /* volcanotransparent 2.png */ = {isa = PBXFileReference; lastKnownFileType = image.png; path = "volcanotransparent 2.png"; sourceTree = "<group>"; };
		A1C021331AAD0B69000DDCAF /* volcanotransparent.png */ = {isa = PBXFileReference; lastKnownFileType = image.png; path = volcanotransparent.png; sourceTree = "<group>"; };
		A1C021341AAD0B69000DDCAF /* warning.png */ = {isa = PBXFileReference; lastKnownFileType = image.png; path = warning.png; sourceTree = "<group>"; };
		A1E28F441AAD176F00DC3238 /* LaunchImage.png */ = {isa = PBXFileReference; lastKnownFileType = image.png; path = LaunchImage.png; sourceTree = "<group>"; };
/* End PBXFileReference section */

/* Begin PBXFrameworksBuildPhase section */
		A1C020DE1AACFD21000DDCAF /* Frameworks */ = {
			isa = PBXFrameworksBuildPhase;
			buildActionMask = 2147483647;
			files = (
				A1C021281AACFF22000DDCAF /* SystemConfiguration.framework in Frameworks */,
				A1C021261AACFF1B000DDCAF /* QuartzCore.framework in Frameworks */,
				A1C021241AACFF16000DDCAF /* OpenGLES.framework in Frameworks */,
				A1C021221AACFF0E000DDCAF /* libz.dylib in Frameworks */,
				A1C021201AACFF05000DDCAF /* libicucore.dylib in Frameworks */,
				A1C0211E1AACFEF3000DDCAF /* libc++.dylib in Frameworks */,
				A1C0211C1AACFEEA000DDCAF /* ImageIO.framework in Frameworks */,
				A1C0211A1AACFEE5000DDCAF /* GLKit.framework in Frameworks */,
				A1C021181AACFEE0000DDCAF /* CoreText.framework in Frameworks */,
				A1C021161AACFEDA000DDCAF /* CoreLocation.framework in Frameworks */,
				A1C021141AACFED5000DDCAF /* CoreData.framework in Frameworks */,
				A1C021121AACFECF000DDCAF /* AVFoundation.framework in Frameworks */,
				A1C0210E1AACFE80000DDCAF /* GoogleMaps.framework in Frameworks */,
			);
			runOnlyForDeploymentPostprocessing = 0;
		};
		A1C020FA1AACFD21000DDCAF /* Frameworks */ = {
			isa = PBXFrameworksBuildPhase;
			buildActionMask = 2147483647;
			files = (
			);
			runOnlyForDeploymentPostprocessing = 0;
		};
/* End PBXFrameworksBuildPhase section */

/* Begin PBXGroup section */
		A1C020D81AACFD21000DDCAF = {
			isa = PBXGroup;
			children = (
				A1C021271AACFF22000DDCAF /* SystemConfiguration.framework */,
				A1C021251AACFF1B000DDCAF /* QuartzCore.framework */,
				A1C021231AACFF16000DDCAF /* OpenGLES.framework */,
				A1C021211AACFF0E000DDCAF /* libz.dylib */,
				A1C0211F1AACFF05000DDCAF /* libicucore.dylib */,
				A1C0211D1AACFEF3000DDCAF /* libc++.dylib */,
				A1C0211B1AACFEEA000DDCAF /* ImageIO.framework */,
				A1C021191AACFEE5000DDCAF /* GLKit.framework */,
				A1C021171AACFEE0000DDCAF /* CoreText.framework */,
				A1C021151AACFEDA000DDCAF /* CoreLocation.framework */,
				A1C021131AACFED5000DDCAF /* CoreData.framework */,
				A1C021111AACFECF000DDCAF /* AVFoundation.framework */,
				A1C020E31AACFD21000DDCAF /* Safety */,
				A1C021001AACFD21000DDCAF /* SafetyTests */,
				A1C020E21AACFD21000DDCAF /* Products */,
			);
			sourceTree = "<group>";
		};
		A1C020E21AACFD21000DDCAF /* Products */ = {
			isa = PBXGroup;
			children = (
				A1C020E11AACFD21000DDCAF /* Safety.app */,
				A1C020FD1AACFD21000DDCAF /* SafetyTests.xctest */,
			);
			name = Products;
			sourceTree = "<group>";
		};
		A1C020E31AACFD21000DDCAF /* Safety */ = {
			isa = PBXGroup;
			children = (
				A1C021291AAD0B68000DDCAF /* Images */,
				A1C0210F1AACFEA6000DDCAF /* GoogleMaps.bundle */,
				A1C0210D1AACFE80000DDCAF /* GoogleMaps.framework */,
				A1C020E81AACFD21000DDCAF /* AppDelegate.h */,
				A1C020E91AACFD21000DDCAF /* AppDelegate.m */,
				A1C020EB1AACFD21000DDCAF /* FirstViewController.h */,
				A1C020EC1AACFD21000DDCAF /* FirstViewController.m */,
				A1C020EE1AACFD21000DDCAF /* SecondViewController.h */,
				A1C020EF1AACFD21000DDCAF /* SecondViewController.m */,
				A1C020F11AACFD21000DDCAF /* Main.storyboard */,
				A1C020F41AACFD21000DDCAF /* Images.xcassets */,
				A1C020F61AACFD21000DDCAF /* LaunchScreen.xib */,
				A1C020E41AACFD21000DDCAF /* Supporting Files */,
				2DE942A01AAD259E00964C87 /* manual.h */,
				2DE942A11AAD259E00964C87 /* manual.m */,
				2DE942A31AAD2E7500964C87 /* description.h */,
				2DE942A41AAD2E7500964C87 /* description.m */,
			);
			path = Safety;
			sourceTree = "<group>";
		};
		A1C020E41AACFD21000DDCAF /* Supporting Files */ = {
			isa = PBXGroup;
			children = (
				A1C020E51AACFD21000DDCAF /* Info.plist */,
				A1C020E61AACFD21000DDCAF /* main.m */,
			);
			name = "Supporting Files";
			sourceTree = "<group>";
		};
		A1C021001AACFD21000DDCAF /* SafetyTests */ = {
			isa = PBXGroup;
			children = (
				A1C021031AACFD21000DDCAF /* SafetyTests.m */,
				A1C021011AACFD21000DDCAF /* Supporting Files */,
			);
			path = SafetyTests;
			sourceTree = "<group>";
		};
		A1C021011AACFD21000DDCAF /* Supporting Files */ = {
			isa = PBXGroup;
			children = (
				A1C021021AACFD21000DDCAF /* Info.plist */,
			);
			name = "Supporting Files";
			sourceTree = "<group>";
		};
		A1C021291AAD0B68000DDCAF /* Images */ = {
			isa = PBXGroup;
			children = (
				2D5B0C211AAD45C0007382FC /* tsunami1.png */,
				2D5B0C1F1AAD455E007382FC /* volcano.png */,
				2D5B0C1D1AAD4545007382FC /* mountain44.png */,
				2D5B0C1B1AAD452D007382FC /* cracked2.png */,
				A1E28F441AAD176F00DC3238 /* LaunchImage.png */,
				A1C0212A1AAD0B69000DDCAF /* 11015279_10152881654042713_1936764271_n.jpg */,
				A1C0212B1AAD0B69000DDCAF /* guide64x64.png */,
				A1C0212C1AAD0B69000DDCAF /* help.png */,
				A1C0212D1AAD0B69000DDCAF /* info.png */,
				A1C0212E1AAD0B69000DDCAF /* map64x64.png */,
				A1C0212F1AAD0B69000DDCAF /* meetpt.png */,
				A1C021301AAD0B69000DDCAF /* news64x64.png */,
				A1C021311AAD0B69000DDCAF /* noun_14010_cc.png */,
				A1C021321AAD0B69000DDCAF /* volcanotransparent 2.png */,
				A1C021331AAD0B69000DDCAF /* volcanotransparent.png */,
				A1C021341AAD0B69000DDCAF /* warning.png */,
			);
			path = Images;
			sourceTree = "<group>";
		};
/* End PBXGroup section */

/* Begin PBXNativeTarget section */
		A1C020E01AACFD21000DDCAF /* Safety */ = {
			isa = PBXNativeTarget;
			buildConfigurationList = A1C021071AACFD21000DDCAF /* Build configuration list for PBXNativeTarget "Safety" */;
			buildPhases = (
				A1C020DD1AACFD21000DDCAF /* Sources */,
				A1C020DE1AACFD21000DDCAF /* Frameworks */,
				A1C020DF1AACFD21000DDCAF /* Resources */,
			);
			buildRules = (
			);
			dependencies = (
			);
			name = Safety;
			productName = Safety;
			productReference = A1C020E11AACFD21000DDCAF /* Safety.app */;
			productType = "com.apple.product-type.application";
		};
		A1C020FC1AACFD21000DDCAF /* SafetyTests */ = {
			isa = PBXNativeTarget;
			buildConfigurationList = A1C0210A1AACFD21000DDCAF /* Build configuration list for PBXNativeTarget "SafetyTests" */;
			buildPhases = (
				A1C020F91AACFD21000DDCAF /* Sources */,
				A1C020FA1AACFD21000DDCAF /* Frameworks */,
				A1C020FB1AACFD21000DDCAF /* Resources */,
			);
			buildRules = (
			);
			dependencies = (
				A1C020FF1AACFD21000DDCAF /* PBXTargetDependency */,
			);
			name = SafetyTests;
			productName = SafetyTests;
			productReference = A1C020FD1AACFD21000DDCAF /* SafetyTests.xctest */;
			productType = "com.apple.product-type.bundle.unit-test";
		};
/* End PBXNativeTarget section */

/* Begin PBXProject section */
		A1C020D91AACFD21000DDCAF /* Project object */ = {
			isa = PBXProject;
			attributes = {
				LastUpgradeCheck = 0610;
				ORGANIZATIONNAME = DERVS;
				TargetAttributes = {
					A1C020E01AACFD21000DDCAF = {
						CreatedOnToolsVersion = 6.1.1;
					};
					A1C020FC1AACFD21000DDCAF = {
						CreatedOnToolsVersion = 6.1.1;
						TestTargetID = A1C020E01AACFD21000DDCAF;
					};
				};
			};
			buildConfigurationList = A1C020DC1AACFD21000DDCAF /* Build configuration list for PBXProject "Safety" */;
			compatibilityVersion = "Xcode 3.2";
			developmentRegion = English;
			hasScannedForEncodings = 0;
			knownRegions = (
				en,
				Base,
			);
			mainGroup = A1C020D81AACFD21000DDCAF;
			productRefGroup = A1C020E21AACFD21000DDCAF /* Products */;
			projectDirPath = "";
			projectRoot = "";
			targets = (
				A1C020E01AACFD21000DDCAF /* Safety */,
				A1C020FC1AACFD21000DDCAF /* SafetyTests */,
			);
		};
/* End PBXProject section */

/* Begin PBXResourcesBuildPhase section */
		A1C020DF1AACFD21000DDCAF /* Resources */ = {
			isa = PBXResourcesBuildPhase;
			buildActionMask = 2147483647;
			files = (
				A1E28F451AAD176F00DC3238 /* LaunchImage.png in Resources */,
				A1C0213F1AAD0B69000DDCAF /* warning.png in Resources */,
				A1C020F31AACFD21000DDCAF /* Main.storyboard in Resources */,
				2D5B0C1C1AAD452D007382FC /* cracked2.png in Resources */,
				2D5B0C1E1AAD4545007382FC /* mountain44.png in Resources */,
				A1C021361AAD0B69000DDCAF /* guide64x64.png in Resources */,
				2D5B0C201AAD455E007382FC /* volcano.png in Resources */,
				A1C021391AAD0B69000DDCAF /* map64x64.png in Resources */,
				A1C020F81AACFD21000DDCAF /* LaunchScreen.xib in Resources */,
				A1C020F51AACFD21000DDCAF /* Images.xcassets in Resources */,
				A1C021351AAD0B69000DDCAF /* 11015279_10152881654042713_1936764271_n.jpg in Resources */,
				A1C0213C1AAD0B69000DDCAF /* noun_14010_cc.png in Resources */,
				A1C0213A1AAD0B69000DDCAF /* meetpt.png in Resources */,
				A1C021101AACFEA6000DDCAF /* GoogleMaps.bundle in Resources */,
				A1C021371AAD0B69000DDCAF /* help.png in Resources */,
				A1C021381AAD0B69000DDCAF /* info.png in Resources */,
				A1C0213B1AAD0B69000DDCAF /* news64x64.png in Resources */,
				2D5B0C221AAD45C0007382FC /* tsunami1.png in Resources */,
				A1C0213D1AAD0B69000DDCAF /* volcanotransparent 2.png in Resources */,
				A1C0213E1AAD0B69000DDCAF /* volcanotransparent.png in Resources */,
			);
			runOnlyForDeploymentPostprocessing = 0;
		};
		A1C020FB1AACFD21000DDCAF /* Resources */ = {
			isa = PBXResourcesBuildPhase;
			buildActionMask = 2147483647;
			files = (
			);
			runOnlyForDeploymentPostprocessing = 0;
		};
/* End PBXResourcesBuildPhase section */

/* Begin PBXSourcesBuildPhase section */
		A1C020DD1AACFD21000DDCAF /* Sources */ = {
			isa = PBXSourcesBuildPhase;
			buildActionMask = 2147483647;
			files = (
				A1C020F01AACFD21000DDCAF /* SecondViewController.m in Sources */,
				2DE942A21AAD259E00964C87 /* manual.m in Sources */,
				2DE942A51AAD2E7500964C87 /* description.m in Sources */,
				A1C020EA1AACFD21000DDCAF /* AppDelegate.m in Sources */,
				A1C020ED1AACFD21000DDCAF /* FirstViewController.m in Sources */,
				A1C020E71AACFD21000DDCAF /* main.m in Sources */,
			);
			runOnlyForDeploymentPostprocessing = 0;
		};
		A1C020F91AACFD21000DDCAF /* Sources */ = {
			isa = PBXSourcesBuildPhase;
			buildActionMask = 2147483647;
			files = (
				A1C021041AACFD21000DDCAF /* SafetyTests.m in Sources */,
			);
			runOnlyForDeploymentPostprocessing = 0;
		};
/* End PBXSourcesBuildPhase section */

/* Begin PBXTargetDependency section */
		A1C020FF1AACFD21000DDCAF /* PBXTargetDependency */ = {
			isa = PBXTargetDependency;
			target = A1C020E01AACFD21000DDCAF /* Safety */;
			targetProxy = A1C020FE1AACFD21000DDCAF /* PBXContainerItemProxy */;
		};
/* End PBXTargetDependency section */

/* Begin PBXVariantGroup section */
		A1C020F11AACFD21000DDCAF /* Main.storyboard */ = {
			isa = PBXVariantGroup;
			children = (
				A1C020F21AACFD21000DDCAF /* Base */,
			);
			name = Main.storyboard;
			sourceTree = "<group>";
		};
		A1C020F61AACFD21000DDCAF /* LaunchScreen.xib */ = {
			isa = PBXVariantGroup;
			children = (
				A1C020F71AACFD21000DDCAF /* Base */,
			);
			name = LaunchScreen.xib;
			sourceTree = "<group>";
		};
/* End PBXVariantGroup section */

/* Begin XCBuildConfiguration section */
		A1C021051AACFD21000DDCAF /* Debug */ = {
			isa = XCBuildConfiguration;
			buildSettings = {
				ALWAYS_SEARCH_USER_PATHS = NO;
				CLANG_CXX_LANGUAGE_STANDARD = "gnu++0x";
				CLANG_CXX_LIBRARY = "libc++";
				CLANG_ENABLE_MODULES = YES;
				CLANG_ENABLE_OBJC_ARC = YES;
				CLANG_WARN_BOOL_CONVERSION = YES;
				CLANG_WARN_CONSTANT_CONVERSION = YES;
				CLANG_WARN_DIRECT_OBJC_ISA_USAGE = YES_ERROR;
				CLANG_WARN_EMPTY_BODY = YES;
				CLANG_WARN_ENUM_CONVERSION = YES;
				CLANG_WARN_INT_CONVERSION = YES;
				CLANG_WARN_OBJC_ROOT_CLASS = YES_ERROR;
				CLANG_WARN_UNREACHABLE_CODE = YES;
				CLANG_WARN__DUPLICATE_METHOD_MATCH = YES;
				"CODE_SIGN_IDENTITY[sdk=iphoneos*]" = "iPhone Developer";
				COPY_PHASE_STRIP = NO;
				ENABLE_STRICT_OBJC_MSGSEND = YES;
				GCC_C_LANGUAGE_STANDARD = gnu99;
				GCC_DYNAMIC_NO_PIC = NO;
				GCC_OPTIMIZATION_LEVEL = 0;
				GCC_PREPROCESSOR_DEFINITIONS = (
					"DEBUG=1",
					"$(inherited)",
				);
				GCC_SYMBOLS_PRIVATE_EXTERN = NO;
				GCC_WARN_64_TO_32_BIT_CONVERSION = YES;
				GCC_WARN_ABOUT_RETURN_TYPE = YES_ERROR;
				GCC_WARN_UNDECLARED_SELECTOR = YES;
				GCC_WARN_UNINITIALIZED_AUTOS = YES_AGGRESSIVE;
				GCC_WARN_UNUSED_FUNCTION = YES;
				GCC_WARN_UNUSED_VARIABLE = YES;
				IPHONEOS_DEPLOYMENT_TARGET = 8.1;
				MTL_ENABLE_DEBUG_INFO = YES;
				ONLY_ACTIVE_ARCH = YES;
				SDKROOT = iphoneos;
			};
			name = Debug;
		};
		A1C021061AACFD21000DDCAF /* Release */ = {
			isa = XCBuildConfiguration;
			buildSettings = {
				ALWAYS_SEARCH_USER_PATHS = NO;
				CLANG_CXX_LANGUAGE_STANDARD = "gnu++0x";
				CLANG_CXX_LIBRARY = "libc++";
				CLANG_ENABLE_MODULES = YES;
				CLANG_ENABLE_OBJC_ARC = YES;
				CLANG_WARN_BOOL_CONVERSION = YES;
				CLANG_WARN_CONSTANT_CONVERSION = YES;
				CLANG_WARN_DIRECT_OBJC_ISA_USAGE = YES_ERROR;
				CLANG_WARN_EMPTY_BODY = YES;
				CLANG_WARN_ENUM_CONVERSION = YES;
				CLANG_WARN_INT_CONVERSION = YES;
				CLANG_WARN_OBJC_ROOT_CLASS = YES_ERROR;
				CLANG_WARN_UNREACHABLE_CODE = YES;
				CLANG_WARN__DUPLICATE_METHOD_MATCH = YES;
				"CODE_SIGN_IDENTITY[sdk=iphoneos*]" = "iPhone Developer";
				COPY_PHASE_STRIP = YES;
				ENABLE_NS_ASSERTIONS = NO;
				ENABLE_STRICT_OBJC_MSGSEND = YES;
				GCC_C_LANGUAGE_STANDARD = gnu99;
				GCC_WARN_64_TO_32_BIT_CONVERSION = YES;
				GCC_WARN_ABOUT_RETURN_TYPE = YES_ERROR;
				GCC_WARN_UNDECLARED_SELECTOR = YES;
				GCC_WARN_UNINITIALIZED_AUTOS = YES_AGGRESSIVE;
				GCC_WARN_UNUSED_FUNCTION = YES;
				GCC_WARN_UNUSED_VARIABLE = YES;
				IPHONEOS_DEPLOYMENT_TARGET = 8.1;
				MTL_ENABLE_DEBUG_INFO = NO;
				SDKROOT = iphoneos;
				VALIDATE_PRODUCT = YES;
			};
			name = Release;
		};
		A1C021081AACFD21000DDCAF /* Debug */ = {
			isa = XCBuildConfiguration;
			buildSettings = {
				ASSETCATALOG_COMPILER_APPICON_NAME = AppIcon;
				FRAMEWORK_SEARCH_PATHS = (
					"$(inherited)",
					"$(PROJECT_DIR)/Safety",
				);
				INFOPLIST_FILE = Safety/Info.plist;
				LD_RUNPATH_SEARCH_PATHS = "$(inherited) @executable_path/Frameworks";
				"OTHER_LDFLAGS[arch=*]" = "-ObjC";
				PRODUCT_NAME = "$(TARGET_NAME)";
			};
			name = Debug;
		};
		A1C021091AACFD21000DDCAF /* Release */ = {
			isa = XCBuildConfiguration;
			buildSettings = {
				ASSETCATALOG_COMPILER_APPICON_NAME = AppIcon;
				FRAMEWORK_SEARCH_PATHS = (
					"$(inherited)",
					"$(PROJECT_DIR)/Safety",
				);
				INFOPLIST_FILE = Safety/Info.plist;
				LD_RUNPATH_SEARCH_PATHS = "$(inherited) @executable_path/Frameworks";
				PRODUCT_NAME = "$(TARGET_NAME)";
			};
			name = Release;
		};
		A1C0210B1AACFD21000DDCAF /* Debug */ = {
			isa = XCBuildConfiguration;
			buildSettings = {
				BUNDLE_LOADER = "$(TEST_HOST)";
				FRAMEWORK_SEARCH_PATHS = (
					"$(SDKROOT)/Developer/Library/Frameworks",
					"$(inherited)",
				);
				GCC_PREPROCESSOR_DEFINITIONS = (
					"DEBUG=1",
					"$(inherited)",
				);
				INFOPLIST_FILE = SafetyTests/Info.plist;
				LD_RUNPATH_SEARCH_PATHS = "$(inherited) @executable_path/Frameworks @loader_path/Frameworks";
				PRODUCT_NAME = "$(TARGET_NAME)";
				TEST_HOST = "$(BUILT_PRODUCTS_DIR)/Safety.app/Safety";
			};
			name = Debug;
		};
		A1C0210C1AACFD21000DDCAF /* Release */ = {
			isa = XCBuildConfiguration;
			buildSettings = {
				BUNDLE_LOADER = "$(TEST_HOST)";
				FRAMEWORK_SEARCH_PATHS = (
					"$(SDKROOT)/Developer/Library/Frameworks",
					"$(inherited)",
				);
				INFOPLIST_FILE = SafetyTests/Info.plist;
				LD_RUNPATH_SEARCH_PATHS = "$(inherited) @executable_path/Frameworks @loader_path/Frameworks";
				PRODUCT_NAME = "$(TARGET_NAME)";
				TEST_HOST = "$(BUILT_PRODUCTS_DIR)/Safety.app/Safety";
			};
			name = Release;
		};
/* End XCBuildConfiguration section */

/* Begin XCConfigurationList section */
		A1C020DC1AACFD21000DDCAF /* Build configuration list for PBXProject "Safety" */ = {
			isa = XCConfigurationList;
			buildConfigurations = (
				A1C021051AACFD21000DDCAF /* Debug */,
				A1C021061AACFD21000DDCAF /* Release */,
			);
			defaultConfigurationIsVisible = 0;
			defaultConfigurationName = Release;
		};
		A1C021071AACFD21000DDCAF /* Build configuration list for PBXNativeTarget "Safety" */ = {
			isa = XCConfigurationList;
			buildConfigurations = (
				A1C021081AACFD21000DDCAF /* Debug */,
				A1C021091AACFD21000DDCAF /* Release */,
			);
			defaultConfigurationIsVisible = 0;
			defaultConfigurationName = Release;
		};
		A1C0210A1AACFD21000DDCAF /* Build configuration list for PBXNativeTarget "SafetyTests" */ = {
			isa = XCConfigurationList;
			buildConfigurations = (
				A1C0210B1AACFD21000DDCAF /* Debug */,
				A1C0210C1AACFD21000DDCAF /* Release */,
			);
			defaultConfigurationIsVisible = 0;
			defaultConfigurationName = Release;
		};
/* End XCConfigurationList section */
	};
	rootObject = A1C020D91AACFD21000DDCAF /* Project object */;
}
